
Microsoft Visual Studio Solution File, Format Version 12.00
# Visual Studio Version 16
VisualStudioVersion = 16.0.32510.428
MinimumVisualStudioVersion = 10.0.40219.1
Project("{FAE04EC0-301F-11D3-BF4B-00C04F79EFBC}") = "MVCCRUD", "MVCCRUD\MVCCRUD.csproj", "{3A197ED6-9E2B-4326-BC30-13C13D10351F}"
EndProject
Global
	GlobalSection(SolutionConfigurationPlatforms) = preSolution
		Debug|Any CPU = Debug|Any CPU
		Release|Any CPU = Release|Any CPU
	EndGlobalSection
	GlobalSection(ProjectConfigurationPlatforms) = postSolution
		{3A197ED6-9E2B-4326-BC30-13C13D10351F}.Debug|Any CPU.ActiveCfg = Debug|Any CPU
		{3A197ED6-9E2B-4326-BC30-13C13D10351F}.Debug|Any CPU.Build.0 = Debug|Any CPU
		{3A197ED6-9E2B-4326-BC30-13C13D10351F}.Release|Any CPU.ActiveCfg = Release|Any CPU
		{3A197ED6-9E2B-4326-BC30-13C13D10351F}.Release|Any CPU.Build.0 = Release|Any CPU
	EndGlobalSection
	GlobalSection(SolutionProperties) = preSolution
		HideSolutionNode = FALSE
	EndGlobalSection
	GlobalSection(ExtensibilityGlobals) = postSolution
		SolutionGuid = {9721D9AA-D3AE-453E-B7AA-AB51C29CA11F}
	EndGlobalSection
EndGlobal
